// !$*UTF8*$!
{
	archiveVersion = 1;
	classes = {
	};
	objectVersion = 45;
	objects = {

/* Begin PBXBuildFile section */
		008FBF861628B7E800BC5BE2 /* core.c in Sources */ = {isa = PBXBuildFile; fileRef = 008FBF541628B7E800BC5BE2 /* core.c */; };
		008FBF871628B7E800BC5BE2 /* descriptor.c in Sources */ = {isa = PBXBuildFile; fileRef = 008FBF551628B7E800BC5BE2 /* descriptor.c */; };
		008FBF881628B7E800BC5BE2 /* io.c in Sources */ = {isa = PBXBuildFile; fileRef = 008FBF561628B7E800BC5BE2 /* io.c */; };
		008FBF891628B7E800BC5BE2 /* libusb.h in Headers */ = {isa = PBXBuildFile; fileRef = 008FBF5A1628B7E800BC5BE2 /* libusb.h */; };
		008FBF901628B7E800BC5BE2 /* libusbi.h in Headers */ = {isa = PBXBuildFile; fileRef = 008FBF671628B7E800BC5BE2 /* libusbi.h */; };
		008FBF921628B7E800BC5BE2 /* darwin_usb.c in Sources */ = {isa = PBXBuildFile; fileRef = 008FBF6C1628B7E800BC5BE2 /* darwin_usb.c */; };
		008FBF931628B7E800BC5BE2 /* darwin_usb.h in Headers */ = {isa = PBXBuildFile; fileRef = 008FBF6D1628B7E800BC5BE2 /* darwin_usb.h */; };
		008FBF971628B7E800BC5BE2 /* poll_posix.h in Headers */ = {isa = PBXBuildFile; fileRef = 008FBF711628B7E800BC5BE2 /* poll_posix.h */; };
		008FBF9A1628B7E800BC5BE2 /* threads_posix.c in Sources */ = {isa = PBXBuildFile; fileRef = 008FBF741628B7E800BC5BE2 /* threads_posix.c */; };
		008FBF9B1628B7E800BC5BE2 /* threads_posix.h in Headers */ = {isa = PBXBuildFile; fileRef = 008FBF751628B7E800BC5BE2 /* threads_posix.h */; };
		008FBFA01628B7E800BC5BE2 /* sync.c in Sources */ = {isa = PBXBuildFile; fileRef = 008FBF7A1628B7E800BC5BE2 /* sync.c */; };
		008FBFA11628B7E800BC5BE2 /* version.h in Headers */ = {isa = PBXBuildFile; fileRef = 008FBF7B1628B7E800BC5BE2 /* version.h */; };
		008FBFA21628B7E800BC5BE2 /* version_nano.h in Headers */ = {isa = PBXBuildFile; fileRef = 008FBF7C1628B7E800BC5BE2 /* version_nano.h */; };
		008FBFA51628B84200BC5BE2 /* config.h in Headers */ = {isa = PBXBuildFile; fileRef = 008FBFA41628B84200BC5BE2 /* config.h */; };
		1438D77A17A2ED9F00166101 /* hotplug.c in Sources */ = {isa = PBXBuildFile; fileRef = 1438D77817A2ED9F00166101 /* hotplug.c */; };
		1438D77B17A2ED9F00166101 /* hotplug.h in Headers */ = {isa = PBXBuildFile; fileRef = 1438D77917A2ED9F00166101 /* hotplug.h */; };
		1438D77D17A2EDCD00166101 /* poll_posix.c in Sources */ = {isa = PBXBuildFile; fileRef = 1438D77C17A2EDCD00166101 /* poll_posix.c */; };
		1438D77F17A2F0EA00166101 /* strerror.c in Sources */ = {isa = PBXBuildFile; fileRef = 1438D77E17A2F0EA00166101 /* strerror.c */; };
		5E1CB58120D889F200CB830B /* core.c in Sources */ = {isa = PBXBuildFile; fileRef = 008FBF541628B7E800BC5BE2 /* core.c */; };
		5E1CB58220D889F200CB830B /* descriptor.c in Sources */ = {isa = PBXBuildFile; fileRef = 008FBF551628B7E800BC5BE2 /* descriptor.c */; };
		5E1CB58320D889F200CB830B /* io.c in Sources */ = {isa = PBXBuildFile; fileRef = 008FBF561628B7E800BC5BE2 /* io.c */; };
		5E1CB58420D889F200CB830B /* darwin_usb.c in Sources */ = {isa = PBXBuildFile; fileRef = 008FBF6C1628B7E800BC5BE2 /* darwin_usb.c */; };
		5E1CB58520D889F200CB830B /* threads_posix.c in Sources */ = {isa = PBXBuildFile; fileRef = 008FBF741628B7E800BC5BE2 /* threads_posix.c */; };
		5E1CB58620D889F200CB830B /* sync.c in Sources */ = {isa = PBXBuildFile; fileRef = 008FBF7A1628B7E800BC5BE2 /* sync.c */; };
		5E1CB58720D889F200CB830B /* hotplug.c in Sources */ = {isa = PBXBuildFile; fileRef = 1438D77817A2ED9F00166101 /* hotplug.c */; };
		5E1CB58820D889F200CB830B /* poll_posix.c in Sources */ = {isa = PBXBuildFile; fileRef = 1438D77C17A2EDCD00166101 /* poll_posix.c */; };
		5E1CB58920D889F200CB830B /* strerror.c in Sources */ = {isa = PBXBuildFile; fileRef = 1438D77E17A2F0EA00166101 /* strerror.c */; };
		5E1CB58B20D889F200CB830B /* IOKit.framework in Frameworks */ = {isa = PBXBuildFile; fileRef = 008FBFA81628B88000BC5BE2 /* IOKit.framework */; };
		5E1CB58C20D889F200CB830B /* CoreFoundation.framework in Frameworks */ = {isa = PBXBuildFile; fileRef = 008FBFA61628B87000BC5BE2 /* CoreFoundation.framework */; };
		5E1CB58E20D889F200CB830B /* libusb.h in Headers */ = {isa = PBXBuildFile; fileRef = 008FBF5A1628B7E800BC5BE2 /* libusb.h */; };
		5E1CB58F20D889F200CB830B /* libusbi.h in Headers */ = {isa = PBXBuildFile; fileRef = 008FBF671628B7E800BC5BE2 /* libusbi.h */; };
		5E1CB59020D889F200CB830B /* darwin_usb.h in Headers */ = {isa = PBXBuildFile; fileRef = 008FBF6D1628B7E800BC5BE2 /* darwin_usb.h */; };
		5E1CB59120D889F200CB830B /* poll_posix.h in Headers */ = {isa = PBXBuildFile; fileRef = 008FBF711628B7E800BC5BE2 /* poll_posix.h */; };
		5E1CB59220D889F200CB830B /* threads_posix.h in Headers */ = {isa = PBXBuildFile; fileRef = 008FBF751628B7E800BC5BE2 /* threads_posix.h */; };
		5E1CB59320D889F200CB830B /* version.h in Headers */ = {isa = PBXBuildFile; fileRef = 008FBF7B1628B7E800BC5BE2 /* version.h */; };
		5E1CB59420D889F200CB830B /* version_nano.h in Headers */ = {isa = PBXBuildFile; fileRef = 008FBF7C1628B7E800BC5BE2 /* version_nano.h */; };
		5E1CB59520D889F200CB830B /* config.h in Headers */ = {isa = PBXBuildFile; fileRef = 008FBFA41628B84200BC5BE2 /* config.h */; };
		5E1CB59620D889F200CB830B /* hotplug.h in Headers */ = {isa = PBXBuildFile; fileRef = 1438D77917A2ED9F00166101 /* hotplug.h */; };
		5E2FF5B120C30014006067B1 /* IOKit.framework in Frameworks */ = {isa = PBXBuildFile; fileRef = 008FBFA81628B88000BC5BE2 /* IOKit.framework */; };
		5E2FF5B220C30072006067B1 /* CoreFoundation.framework in Frameworks */ = {isa = PBXBuildFile; fileRef = 008FBFA61628B87000BC5BE2 /* CoreFoundation.framework */; };
/* End PBXBuildFile section */

/* Begin PBXFileReference section */
		008FBF311628B79300BC5BE2 /* libusb-1.0.0.dylib */ = {isa = PBXFileReference; explicitFileType = "compiled.mach-o.dylib"; includeInIndex = 0; path = "libusb-1.0.0.dylib"; sourceTree = BUILT_PRODUCTS_DIR; };
		008FBF541628B7E800BC5BE2 /* core.c */ = {isa = PBXFileReference; fileEncoding = 4; indentWidth = 4; lastKnownFileType = sourcecode.c.c; path = core.c; sourceTree = "<group>"; tabWidth = 4; usesTabs = 1; };
		008FBF551628B7E800BC5BE2 /* descriptor.c */ = {isa = PBXFileReference; fileEncoding = 4; indentWidth = 4; lastKnownFileType = sourcecode.c.c; path = descriptor.c; sourceTree = "<group>"; tabWidth = 4; usesTabs = 1; };
		008FBF561628B7E800BC5BE2 /* io.c */ = {isa = PBXFileReference; fileEncoding = 4; indentWidth = 4; lastKnownFileType = sourcecode.c.c; path = io.c; sourceTree = "<group>"; tabWidth = 4; usesTabs = 1; };
		008FBF5A1628B7E800BC5BE2 /* libusb.h */ = {isa = PBXFileReference; fileEncoding = 4; indentWidth = 4; lastKnownFileType = sourcecode.c.h; path = libusb.h; sourceTree = "<group>"; tabWidth = 4; usesTabs = 1; };
		008FBF671628B7E800BC5BE2 /* libusbi.h */ = {isa = PBXFileReference; fileEncoding = 4; indentWidth = 4; lastKnownFileType = sourcecode.c.h; path = libusbi.h; sourceTree = "<group>"; tabWidth = 4; usesTabs = 1; };
		008FBF6C1628B7E800BC5BE2 /* darwin_usb.c */ = {isa = PBXFileReference; fileEncoding = 4; indentWidth = 2; lastKnownFileType = sourcecode.c.c; path = darwin_usb.c; sourceTree = "<group>"; tabWidth = 2; usesTabs = 0; };
		008FBF6D1628B7E800BC5BE2 /* darwin_usb.h */ = {isa = PBXFileReference; fileEncoding = 4; indentWidth = 2; lastKnownFileType = sourcecode.c.h; path = darwin_usb.h; sourceTree = "<group>"; tabWidth = 2; usesTabs = 0; };
		008FBF711628B7E800BC5BE2 /* poll_posix.h */ = {isa = PBXFileReference; fileEncoding = 4; indentWidth = 4; lastKnownFileType = sourcecode.c.h; path = poll_posix.h; sourceTree = "<group>"; tabWidth = 4; usesTabs = 1; };
		008FBF741628B7E800BC5BE2 /* threads_posix.c */ = {isa = PBXFileReference; fileEncoding = 4; indentWidth = 4; lastKnownFileType = sourcecode.c.c; path = threads_posix.c; sourceTree = "<group>"; tabWidth = 4; usesTabs = 1; };
		008FBF751628B7E800BC5BE2 /* threads_posix.h */ = {isa = PBXFileReference; fileEncoding = 4; indentWidth = 4; lastKnownFileType = sourcecode.c.h; path = threads_posix.h; sourceTree = "<group>"; tabWidth = 4; usesTabs = 1; };
		008FBF7A1628B7E800BC5BE2 /* sync.c */ = {isa = PBXFileReference; fileEncoding = 4; indentWidth = 4; lastKnownFileType = sourcecode.c.c; path = sync.c; sourceTree = "<group>"; tabWidth = 4; usesTabs = 1; };
		008FBF7B1628B7E800BC5BE2 /* version.h */ = {isa = PBXFileReference; fileEncoding = 4; indentWidth = 4; lastKnownFileType = sourcecode.c.h; path = version.h; sourceTree = "<group>"; tabWidth = 4; usesTabs = 1; };
		008FBF7C1628B7E800BC5BE2 /* version_nano.h */ = {isa = PBXFileReference; fileEncoding = 4; indentWidth = 4; lastKnownFileType = sourcecode.c.h; path = version_nano.h; sourceTree = "<group>"; tabWidth = 4; usesTabs = 1; };
		008FBFA41628B84200BC5BE2 /* config.h */ = {isa = PBXFileReference; fileEncoding = 4; indentWidth = 4; lastKnownFileType = sourcecode.c.h; path = config.h; sourceTree = "<group>"; tabWidth = 4; usesTabs = 1; };
		008FBFA61628B87000BC5BE2 /* CoreFoundation.framework */ = {isa = PBXFileReference; lastKnownFileType = wrapper.framework; name = CoreFoundation.framework; path = System/Library/Frameworks/CoreFoundation.framework; sourceTree = SDKROOT; };
		008FBFA81628B88000BC5BE2 /* IOKit.framework */ = {isa = PBXFileReference; lastKnownFileType = wrapper.framework; name = IOKit.framework; path = System/Library/Frameworks/IOKit.framework; sourceTree = SDKROOT; };
		1438D77817A2ED9F00166101 /* hotplug.c */ = {isa = PBXFileReference; fileEncoding = 4; indentWidth = 4; lastKnownFileType = sourcecode.c.c; path = hotplug.c; sourceTree = "<group>"; tabWidth = 4; usesTabs = 1; };
		1438D77917A2ED9F00166101 /* hotplug.h */ = {isa = PBXFileReference; fileEncoding = 4; indentWidth = 4; lastKnownFileType = sourcecode.c.h; path = hotplug.h; sourceTree = "<group>"; tabWidth = 4; usesTabs = 1; };
		1438D77C17A2EDCD00166101 /* poll_posix.c */ = {isa = PBXFileReference; fileEncoding = 4; indentWidth = 4; lastKnownFileType = sourcecode.c.c; path = poll_posix.c; sourceTree = "<group>"; tabWidth = 4; usesTabs = 1; };
		1438D77E17A2F0EA00166101 /* strerror.c */ = {isa = PBXFileReference; fileEncoding = 4; indentWidth = 4; lastKnownFileType = sourcecode.c.c; path = strerror.c; sourceTree = "<group>"; tabWidth = 4; usesTabs = 1; };
		1443EE8416417E63007E0579 /* common.xcconfig */ = {isa = PBXFileReference; indentWidth = 4; lastKnownFileType = text.xcconfig; path = common.xcconfig; sourceTree = SOURCE_ROOT; tabWidth = 4; usesTabs = 1; };
		1443EE8516417E63007E0579 /* debug.xcconfig */ = {isa = PBXFileReference; indentWidth = 4; lastKnownFileType = text.xcconfig; path = debug.xcconfig; sourceTree = SOURCE_ROOT; tabWidth = 4; usesTabs = 1; };
		1443EE8616417E63007E0579 /* libusb_debug.xcconfig */ = {isa = PBXFileReference; indentWidth = 4; lastKnownFileType = text.xcconfig; path = libusb_debug.xcconfig; sourceTree = SOURCE_ROOT; tabWidth = 4; usesTabs = 1; };
		1443EE8716417E63007E0579 /* libusb.xcconfig */ = {isa = PBXFileReference; indentWidth = 4; lastKnownFileType = text.xcconfig; path = libusb.xcconfig; sourceTree = SOURCE_ROOT; tabWidth = 4; usesTabs = 1; };
		1443EE8816417E63007E0579 /* release.xcconfig */ = {isa = PBXFileReference; indentWidth = 4; lastKnownFileType = text.xcconfig; path = release.xcconfig; sourceTree = SOURCE_ROOT; tabWidth = 4; usesTabs = 1; };
		1443EE8916417EA6007E0579 /* libusb_release.xcconfig */ = {isa = PBXFileReference; indentWidth = 4; lastKnownFileType = text.xcconfig; path = libusb_release.xcconfig; sourceTree = SOURCE_ROOT; tabWidth = 4; usesTabs = 1; };
		5E1CB59A20D889F200CB830B /* libusb-osx.dylib */ = {isa = PBXFileReference; explicitFileType = "compiled.mach-o.dylib"; includeInIndex = 0; path = "libusb-osx.dylib"; sourceTree = BUILT_PRODUCTS_DIR; };
/* End PBXFileReference section */

/* Begin PBXFrameworksBuildPhase section */
		008FBF2E1628B79300BC5BE2 /* Frameworks */ = {
			isa = PBXFrameworksBuildPhase;
			buildActionMask = 2147483647;
			files = (
				5E2FF5B120C30014006067B1 /* IOKit.framework in Frameworks */,
				5E2FF5B220C30072006067B1 /* CoreFoundation.framework in Frameworks */,
			);
			runOnlyForDeploymentPostprocessing = 0;
		};
		5E1CB58A20D889F200CB830B /* Frameworks */ = {
			isa = PBXFrameworksBuildPhase;
			buildActionMask = 2147483647;
			files = (
				5E1CB58B20D889F200CB830B /* IOKit.framework in Frameworks */,
				5E1CB58C20D889F200CB830B /* CoreFoundation.framework in Frameworks */,
			);
			runOnlyForDeploymentPostprocessing = 0;
		};
/* End PBXFrameworksBuildPhase section */

/* Begin PBXGroup section */
		008FBF261628B79300BC5BE2 = {
			isa = PBXGroup;
			children = (
				1443EE8316417DE3007E0579 /* xcconfig */,
				008FBFA41628B84200BC5BE2 /* config.h */,
				008FBF3B1628B7E800BC5BE2 /* libusb */,
				1443EE8A16419057007E0579 /* Apple */,
				008FBF321628B79300BC5BE2 /* Products */,
				5E2FF5B020C30014006067B1 /* Frameworks */,
			);
			sourceTree = "<group>";
		};
		008FBF321628B79300BC5BE2 /* Products */ = {
			isa = PBXGroup;
			children = (
				008FBF311628B79300BC5BE2 /* libusb-1.0.0.dylib */,
				5E1CB59A20D889F200CB830B /* libusb-osx.dylib */,
			);
			name = Products;
			sourceTree = "<group>";
		};
		008FBF3B1628B7E800BC5BE2 /* libusb */ = {
			isa = PBXGroup;
			children = (
				008FBF541628B7E800BC5BE2 /* core.c */,
				008FBF551628B7E800BC5BE2 /* descriptor.c */,
				1438D77817A2ED9F00166101 /* hotplug.c */,
				1438D77917A2ED9F00166101 /* hotplug.h */,
				008FBF561628B7E800BC5BE2 /* io.c */,
				008FBF5A1628B7E800BC5BE2 /* libusb.h */,
				008FBF671628B7E800BC5BE2 /* libusbi.h */,
				008FBF6B1628B7E800BC5BE2 /* os */,
				1438D77E17A2F0EA00166101 /* strerror.c */,
				008FBF7A1628B7E800BC5BE2 /* sync.c */,
				008FBF7B1628B7E800BC5BE2 /* version.h */,
				008FBF7C1628B7E800BC5BE2 /* version_nano.h */,
			);
			name = libusb;
			path = ../libusb;
			sourceTree = "<group>";
		};
		008FBF6B1628B7E800BC5BE2 /* os */ = {
			isa = PBXGroup;
			children = (
				008FBF6C1628B7E800BC5BE2 /* darwin_usb.c */,
				008FBF6D1628B7E800BC5BE2 /* darwin_usb.h */,
				1438D77C17A2EDCD00166101 /* poll_posix.c */,
				008FBF711628B7E800BC5BE2 /* poll_posix.h */,
				008FBF741628B7E800BC5BE2 /* threads_posix.c */,
				008FBF751628B7E800BC5BE2 /* threads_posix.h */,
			);
			path = os;
			sourceTree = "<group>";
		};
		1443EE8316417DE3007E0579 /* xcconfig */ = {
			isa = PBXGroup;
			children = (
				1443EE8416417E63007E0579 /* common.xcconfig */,
				1443EE8516417E63007E0579 /* debug.xcconfig */,
				1443EE8816417E63007E0579 /* release.xcconfig */,
				1443EE8716417E63007E0579 /* libusb.xcconfig */,
				1443EE8616417E63007E0579 /* libusb_debug.xcconfig */,
				1443EE8916417EA6007E0579 /* libusb_release.xcconfig */,
			);
			name = xcconfig;
			path = ../libusb;
			sourceTree = "<group>";
		};
		1443EE8A16419057007E0579 /* Apple */ = {
			isa = PBXGroup;
			children = (
				008FBFA81628B88000BC5BE2 /* IOKit.framework */,
				008FBFA61628B87000BC5BE2 /* CoreFoundation.framework */,
			);
			name = Apple;
			path = ../libusb;
			sourceTree = "<group>";
		};
		5E2FF5B020C30014006067B1 /* Frameworks */ = {
			isa = PBXGroup;
			children = (
			);
			name = Frameworks;
			sourceTree = "<group>";
		};
/* End PBXGroup section */

/* Begin PBXHeadersBuildPhase section */
		008FBF2F1628B79300BC5BE2 /* Headers */ = {
			isa = PBXHeadersBuildPhase;
			buildActionMask = 2147483647;
			files = (
				008FBF891628B7E800BC5BE2 /* libusb.h in Headers */,
				008FBF901628B7E800BC5BE2 /* libusbi.h in Headers */,
				008FBF931628B7E800BC5BE2 /* darwin_usb.h in Headers */,
				008FBF971628B7E800BC5BE2 /* poll_posix.h in Headers */,
				008FBF9B1628B7E800BC5BE2 /* threads_posix.h in Headers */,
				008FBFA11628B7E800BC5BE2 /* version.h in Headers */,
				008FBFA21628B7E800BC5BE2 /* version_nano.h in Headers */,
				008FBFA51628B84200BC5BE2 /* config.h in Headers */,
				1438D77B17A2ED9F00166101 /* hotplug.h in Headers */,
			);
			runOnlyForDeploymentPostprocessing = 0;
		};
		5E1CB58D20D889F200CB830B /* Headers */ = {
			isa = PBXHeadersBuildPhase;
			buildActionMask = 2147483647;
			files = (
				5E1CB58E20D889F200CB830B /* libusb.h in Headers */,
				5E1CB58F20D889F200CB830B /* libusbi.h in Headers */,
				5E1CB59020D889F200CB830B /* darwin_usb.h in Headers */,
				5E1CB59120D889F200CB830B /* poll_posix.h in Headers */,
				5E1CB59220D889F200CB830B /* threads_posix.h in Headers */,
				5E1CB59320D889F200CB830B /* version.h in Headers */,
				5E1CB59420D889F200CB830B /* version_nano.h in Headers */,
				5E1CB59520D889F200CB830B /* config.h in Headers */,
				5E1CB59620D889F200CB830B /* hotplug.h in Headers */,
			);
			runOnlyForDeploymentPostprocessing = 0;
		};
/* End PBXHeadersBuildPhase section */

/* Begin PBXNativeTarget section */
		008FBF301628B79300BC5BE2 /* libusb */ = {
			isa = PBXNativeTarget;
			buildConfigurationList = 008FBF351628B79300BC5BE2 /* Build configuration list for PBXNativeTarget "libusb" */;
			buildPhases = (
				008FBF2D1628B79300BC5BE2 /* Sources */,
				008FBF2E1628B79300BC5BE2 /* Frameworks */,
				008FBF2F1628B79300BC5BE2 /* Headers */,
			);
			buildRules = (
			);
			dependencies = (
			);
			name = libusb;
			productName = libusb;
			productReference = 008FBF311628B79300BC5BE2 /* libusb-1.0.0.dylib */;
			productType = "com.apple.product-type.library.dynamic";
		};
		5E1CB57F20D889F200CB830B /* libusb-osx */ = {
			isa = PBXNativeTarget;
			buildConfigurationList = 5E1CB59720D889F200CB830B /* Build configuration list for PBXNativeTarget "libusb-osx" */;
			buildPhases = (
				5E1CB58020D889F200CB830B /* Sources */,
				5E1CB58A20D889F200CB830B /* Frameworks */,
				5E1CB58D20D889F200CB830B /* Headers */,
			);
			buildRules = (
			);
			dependencies = (
			);
			name = "libusb-osx";
			productName = libusb;
			productReference = 5E1CB59A20D889F200CB830B /* libusb-osx.dylib */;
			productType = "com.apple.product-type.library.dynamic";
		};
/* End PBXNativeTarget section */

/* Begin PBXProject section */
		008FBF281628B79300BC5BE2 /* Project object */ = {
			isa = PBXProject;
			attributes = {
				LastUpgradeCheck = 0930;
				ORGANIZATIONNAME = libusb;
			};
			buildConfigurationList = 008FBF2B1628B79300BC5BE2 /* Build configuration list for PBXProject "libusb" */;
			compatibilityVersion = "Xcode 3.1";
			developmentRegion = English;
			hasScannedForEncodings = 0;
			knownRegions = (
				en,
			);
			mainGroup = 008FBF261628B79300BC5BE2;
			productRefGroup = 008FBF321628B79300BC5BE2 /* Products */;
			projectDirPath = "";
			projectRoot = "";
			targets = (
				008FBF301628B79300BC5BE2 /* libusb */,
				5E1CB57F20D889F200CB830B /* libusb-osx */,
			);
		};
/* End PBXProject section */

/* Begin PBXSourcesBuildPhase section */
		008FBF2D1628B79300BC5BE2 /* Sources */ = {
			isa = PBXSourcesBuildPhase;
			buildActionMask = 2147483647;
			files = (
				008FBF861628B7E800BC5BE2 /* core.c in Sources */,
				008FBF871628B7E800BC5BE2 /* descriptor.c in Sources */,
				008FBF881628B7E800BC5BE2 /* io.c in Sources */,
				008FBF921628B7E800BC5BE2 /* darwin_usb.c in Sources */,
				008FBF9A1628B7E800BC5BE2 /* threads_posix.c in Sources */,
				008FBFA01628B7E800BC5BE2 /* sync.c in Sources */,
				1438D77A17A2ED9F00166101 /* hotplug.c in Sources */,
				1438D77D17A2EDCD00166101 /* poll_posix.c in Sources */,
				1438D77F17A2F0EA00166101 /* strerror.c in Sources */,
			);
			runOnlyForDeploymentPostprocessing = 0;
		};
		5E1CB58020D889F200CB830B /* Sources */ = {
			isa = PBXSourcesBuildPhase;
			buildActionMask = 2147483647;
			files = (
				5E1CB58120D889F200CB830B /* core.c in Sources */,
				5E1CB58220D889F200CB830B /* descriptor.c in Sources */,
				5E1CB58320D889F200CB830B /* io.c in Sources */,
				5E1CB58420D889F200CB830B /* darwin_usb.c in Sources */,
				5E1CB58520D889F200CB830B /* threads_posix.c in Sources */,
				5E1CB58620D889F200CB830B /* sync.c in Sources */,
				5E1CB58720D889F200CB830B /* hotplug.c in Sources */,
				5E1CB58820D889F200CB830B /* poll_posix.c in Sources */,
				5E1CB58920D889F200CB830B /* strerror.c in Sources */,
			);
			runOnlyForDeploymentPostprocessing = 0;
		};
/* End PBXSourcesBuildPhase section */

/* Begin XCBuildConfiguration section */
		008FBF331628B79300BC5BE2 /* Debug */ = {
			isa = XCBuildConfiguration;
			buildSettings = {
				ENABLE_TESTABILITY = YES;
				IPHONEOS_DEPLOYMENT_TARGET = 9.0;
				SDKROOT = iphoneos;
			};
			name = Debug;
		};
		008FBF341628B79300BC5BE2 /* Release */ = {
			isa = XCBuildConfiguration;
			buildSettings = {
				IPHONEOS_DEPLOYMENT_TARGET = 9.0;
				SDKROOT = iphoneos;
			};
			name = Release;
		};
		008FBF361628B79300BC5BE2 /* Debug */ = {
			isa = XCBuildConfiguration;
			baseConfigurationReference = 1443EE8616417E63007E0579 /* libusb_debug.xcconfig */;
			buildSettings = {
				CLANG_ENABLE_OBJC_WEAK = YES;
				GCC_PREPROCESSOR_DEFINITIONS = (
					"$(inherited)",
					"DEBUG=1",
					"ENABLE_DEBUG_LOGGING=1",
				);
				SKIP_INSTALL = YES;
				TARGETED_DEVICE_FAMILY = "1,2";
			};
			name = Debug;
		};
		008FBF371628B79300BC5BE2 /* Release */ = {
			isa = XCBuildConfiguration;
			baseConfigurationReference = 1443EE8916417EA6007E0579 /* libusb_release.xcconfig */;
			buildSettings = {
				CLANG_ENABLE_OBJC_WEAK = YES;
				SKIP_INSTALL = YES;
				TARGETED_DEVICE_FAMILY = "1,2";
			};
			name = Release;
		};
		5E1CB59820D889F200CB830B /* Debug */ = {
			isa = XCBuildConfiguration;
			baseConfigurationReference = 1443EE8616417E63007E0579 /* libusb_debug.xcconfig */;
			buildSettings = {
				CLANG_ENABLE_OBJC_WEAK = YES;
				PRODUCT_NAME = "$(TARGET_NAME)";
				SDKROOT = macosx;
				SKIP_INSTALL = YES;
				TARGETED_DEVICE_FAMILY = "1,2";
			};
			name = Debug;
		};
		5E1CB59920D889F200CB830B /* Release */ = {
			isa = XCBuildConfiguration;
			baseConfigurationReference = 1443EE8916417EA6007E0579 /* libusb_release.xcconfig */;
			buildSettings = {
				CLANG_ENABLE_OBJC_WEAK = YES;
				PRODUCT_NAME = "$(TARGET_NAME)";
				SDKROOT = macosx;
				SKIP_INSTALL = YES;
				TARGETED_DEVICE_FAMILY = "1,2";
			};
			name = Release;
		};
/* End XCBuildConfiguration section */

/* Begin XCConfigurationList section */
		008FBF2B1628B79300BC5BE2 /* Build configuration list for PBXProject "libusb" */ = {
			isa = XCConfigurationList;
			buildConfigurations = (
				008FBF331628B79300BC5BE2 /* Debug */,
				008FBF341628B79300BC5BE2 /* Release */,
			);
			defaultConfigurationIsVisible = 0;
			defaultConfigurationName = Release;
		};
		008FBF351628B79300BC5BE2 /* Build configuration list for PBXNativeTarget "libusb" */ = {
			isa = XCConfigurationList;
			buildConfigurations = (
				008FBF361628B79300BC5BE2 /* Debug */,
				008FBF371628B79300BC5BE2 /* Release */,
			);
			defaultConfigurationIsVisible = 0;
			defaultConfigurationName = Release;
		};
		5E1CB59720D889F200CB830B /* Build configuration list for PBXNativeTarget "libusb-osx" */ = {
			isa = XCConfigurationList;
			buildConfigurations = (
				5E1CB59820D889F200CB830B /* Debug */,
				5E1CB59920D889F200CB830B /* Release */,
			);
			defaultConfigurationIsVisible = 0;
			defaultConfigurationName = Release;
		};
/* End XCConfigurationList section */
	};
	rootObject = 008FBF281628B79300BC5BE2 /* Project object */;
}
