// !$*UTF8*$!
{
	archiveVersion = 1;
	classes = {
	};
	objectVersion = 50;
	objects = {

/* Begin PBXBuildFile section */
		5E1DB41820B9E3E000AE3D04 /* USB.m in Sources */ = {isa = PBXBuildFile; fileRef = 5E1DB41720B9E3E000AE3D04 /* USB.m */; };
		5E1DB4BD20B9EF2E00AE3D04 /* IOKit.framework in Frameworks */ = {isa = PBXBuildFile; fileRef = 5E1DB3F620B9E21A00AE3D04 /* IOKit.framework */; };
		5E34314C20B2722B00EFD05B /* AppDelegate.swift in Sources */ = {isa = PBXBuildFile; fileRef = 5E34314B20B2722B00EFD05B /* AppDelegate.swift */; };
		5E34314E20B2722B00EFD05B /* ViewController.swift in Sources */ = {isa = PBXBuildFile; fileRef = 5E34314D20B2722B00EFD05B /* ViewController.swift */; };
		5E34315120B2722B00EFD05B /* Main.storyboard in Resources */ = {isa = PBXBuildFile; fileRef = 5E34314F20B2722B00EFD05B /* Main.storyboard */; };
		5E34315320B2722C00EFD05B /* Assets.xcassets in Resources */ = {isa = PBXBuildFile; fileRef = 5E34315220B2722C00EFD05B /* Assets.xcassets */; };
		5E34315620B2722C00EFD05B /* LaunchScreen.storyboard in Resources */ = {isa = PBXBuildFile; fileRef = 5E34315420B2722C00EFD05B /* LaunchScreen.storyboard */; };
		5E34315F20B2724A00EFD05B /* ExternalAccessory.framework in Frameworks */ = {isa = PBXBuildFile; fileRef = 5E34315E20B2724A00EFD05B /* ExternalAccessory.framework */; };
		5E34316320B29A2E00EFD05B /* Serial.mm in Sources */ = {isa = PBXBuildFile; fileRef = 5E34316220B29A2E00EFD05B /* Serial.mm */; };
		5E8397FA20B39FFF0058360A /* main.swift in Sources */ = {isa = PBXBuildFile; fileRef = 5E8397F920B39FFF0058360A /* main.swift */; };
/* End PBXBuildFile section */

/* Begin PBXFileReference section */
		5E1DB3F620B9E21A00AE3D04 /* IOKit.framework */ = {isa = PBXFileReference; lastKnownFileType = wrapper.framework; name = IOKit.framework; path = Platforms/iPhoneOS.platform/Developer/SDKs/iPhoneOS.sdk/System/Library/Frameworks/IOKit.framework; sourceTree = DEVELOPER_DIR; };
		5E1DB41620B9E3E000AE3D04 /* USB.h */ = {isa = PBXFileReference; lastKnownFileType = sourcecode.c.h; path = USB.h; sourceTree = "<group>"; };
		5E1DB41720B9E3E000AE3D04 /* USB.m */ = {isa = PBXFileReference; lastKnownFileType = sourcecode.c.objc; path = USB.m; sourceTree = "<group>"; };
		5E1DB4BB20B9EE5E00AE3D04 /* IOKit.framework */ = {isa = PBXFileReference; lastKnownFileType = wrapper.framework; name = IOKit.framework; path = Platforms/MacOSX.platform/Developer/SDKs/MacOSX.sdk/System/Library/Frameworks/IOKit.framework; sourceTree = DEVELOPER_DIR; };
		5E34314820B2722B00EFD05B /* iOUSB.app */ = {isa = PBXFileReference; explicitFileType = wrapper.application; includeInIndex = 0; path = iOUSB.app; sourceTree = BUILT_PRODUCTS_DIR; };
		5E34314B20B2722B00EFD05B /* AppDelegate.swift */ = {isa = PBXFileReference; lastKnownFileType = sourcecode.swift; path = AppDelegate.swift; sourceTree = "<group>"; };
		5E34314D20B2722B00EFD05B /* ViewController.swift */ = {isa = PBXFileReference; lastKnownFileType = sourcecode.swift; path = ViewController.swift; sourceTree = "<group>"; };
		5E34315020B2722B00EFD05B /* Base */ = {isa = PBXFileReference; lastKnownFileType = file.storyboard; name = Base; path = Base.lproj/Main.storyboard; sourceTree = "<group>"; };
		5E34315220B2722C00EFD05B /* Assets.xcassets */ = {isa = PBXFileReference; lastKnownFileType = folder.assetcatalog; path = Assets.xcassets; sourceTree = "<group>"; };
		5E34315520B2722C00EFD05B /* Base */ = {isa = PBXFileReference; lastKnownFileType = file.storyboard; name = Base; path = Base.lproj/LaunchScreen.storyboard; sourceTree = "<group>"; };
		5E34315720B2722C00EFD05B /* Info.plist */ = {isa = PBXFileReference; lastKnownFileType = text.plist.xml; path = Info.plist; sourceTree = "<group>"; };
		5E34315E20B2724A00EFD05B /* ExternalAccessory.framework */ = {isa = PBXFileReference; lastKnownFileType = wrapper.framework; name = ExternalAccessory.framework; path = System/Library/Frameworks/ExternalAccessory.framework; sourceTree = SDKROOT; };
		5E34316020B29A2E00EFD05B /* iOUSB-Bridging-Header.h */ = {isa = PBXFileReference; lastKnownFileType = sourcecode.c.h; path = "iOUSB-Bridging-Header.h"; sourceTree = "<group>"; };
		5E34316120B29A2E00EFD05B /* Serial.h */ = {isa = PBXFileReference; lastKnownFileType = sourcecode.c.h; path = Serial.h; sourceTree = "<group>"; };
		5E34316220B29A2E00EFD05B /* Serial.mm */ = {isa = PBXFileReference; lastKnownFileType = sourcecode.cpp.objcpp; path = Serial.mm; sourceTree = "<group>"; };
		5E8397F920B39FFF0058360A /* main.swift */ = {isa = PBXFileReference; lastKnownFileType = sourcecode.swift; path = main.swift; sourceTree = "<group>"; };
/* End PBXFileReference section */

/* Begin PBXFrameworksBuildPhase section */
		5E34314520B2722B00EFD05B /* Frameworks */ = {
			isa = PBXFrameworksBuildPhase;
			buildActionMask = 2147483647;
			files = (
				5E1DB4BD20B9EF2E00AE3D04 /* IOKit.framework in Frameworks */,
				5E34315F20B2724A00EFD05B /* ExternalAccessory.framework in Frameworks */,
			);
			runOnlyForDeploymentPostprocessing = 0;
		};
/* End PBXFrameworksBuildPhase section */

/* Begin PBXGroup section */
		5E34313F20B2722B00EFD05B = {
			isa = PBXGroup;
			children = (
				5E34314A20B2722B00EFD05B /* iOUSB */,
				5E34314920B2722B00EFD05B /* Products */,
				5E34315D20B2724900EFD05B /* Frameworks */,
			);
			sourceTree = "<group>";
		};
		5E34314920B2722B00EFD05B /* Products */ = {
			isa = PBXGroup;
			children = (
				5E34314820B2722B00EFD05B /* iOUSB.app */,
			);
			name = Products;
			sourceTree = "<group>";
		};
		5E34314A20B2722B00EFD05B /* iOUSB */ = {
			isa = PBXGroup;
			children = (
				5E34314B20B2722B00EFD05B /* AppDelegate.swift */,
				5E34314D20B2722B00EFD05B /* ViewController.swift */,
				5E34314F20B2722B00EFD05B /* Main.storyboard */,
				5E34315220B2722C00EFD05B /* Assets.xcassets */,
				5E34315420B2722C00EFD05B /* LaunchScreen.storyboard */,
				5E34315720B2722C00EFD05B /* Info.plist */,
				5E34316120B29A2E00EFD05B /* Serial.h */,
				5E34316220B29A2E00EFD05B /* Serial.mm */,
				5E34316020B29A2E00EFD05B /* iOUSB-Bridging-Header.h */,
				5E8397F920B39FFF0058360A /* main.swift */,
				5E1DB41620B9E3E000AE3D04 /* USB.h */,
				5E1DB41720B9E3E000AE3D04 /* USB.m */,
			);
			path = iOUSB;
			sourceTree = "<group>";
		};
		5E34315D20B2724900EFD05B /* Frameworks */ = {
			isa = PBXGroup;
			children = (
				5E1DB3F620B9E21A00AE3D04 /* IOKit.framework */,
				5E1DB4BB20B9EE5E00AE3D04 /* IOKit.framework */,
				5E34315E20B2724A00EFD05B /* ExternalAccessory.framework */,
			);
			name = Frameworks;
			sourceTree = "<group>";
		};
/* End PBXGroup section */

/* Begin PBXNativeTarget section */
		5E34314720B2722B00EFD05B /* iOUSB */ = {
			isa = PBXNativeTarget;
			buildConfigurationList = 5E34315A20B2722C00EFD05B /* Build configuration list for PBXNativeTarget "iOUSB" */;
			buildPhases = (
				5E34314420B2722B00EFD05B /* Sources */,
				5E34314520B2722B00EFD05B /* Frameworks */,
				5E34314620B2722B00EFD05B /* Resources */,
			);
			buildRules = (
			);
			dependencies = (
			);
			name = iOUSB;
			productName = iOUSB;
			productReference = 5E34314820B2722B00EFD05B /* iOUSB.app */;
			productType = "com.apple.product-type.application";
		};
/* End PBXNativeTarget section */

/* Begin PBXProject section */
		5E34314020B2722B00EFD05B /* Project object */ = {
			isa = PBXProject;
			attributes = {
				LastSwiftUpdateCheck = 0930;
				LastUpgradeCheck = 0930;
				ORGANIZATIONNAME = XIO;
				TargetAttributes = {
					5E34314720B2722B00EFD05B = {
						CreatedOnToolsVersion = 9.3.1;
						LastSwiftMigration = 0930;
						SystemCapabilities = {
							com.apple.BackgroundModes = {
								enabled = 0;
							};
							com.apple.Keychain = {
								enabled = 0;
							};
						};
					};
				};
			};
			buildConfigurationList = 5E34314320B2722B00EFD05B /* Build configuration list for PBXProject "iOUSB" */;
			compatibilityVersion = "Xcode 9.3";
			developmentRegion = en;
			hasScannedForEncodings = 0;
			knownRegions = (
				en,
				Base,
			);
			mainGroup = 5E34313F20B2722B00EFD05B;
			productRefGroup = 5E34314920B2722B00EFD05B /* Products */;
			projectDirPath = "";
			projectRoot = "";
			targets = (
				5E34314720B2722B00EFD05B /* iOUSB */,
			);
		};
/* End PBXProject section */

/* Begin PBXResourcesBuildPhase section */
		5E34314620B2722B00EFD05B /* Resources */ = {
			isa = PBXResourcesBuildPhase;
			buildActionMask = 2147483647;
			files = (
				5E34315620B2722C00EFD05B /* LaunchScreen.storyboard in Resources */,
				5E34315320B2722C00EFD05B /* Assets.xcassets in Resources */,
				5E34315120B2722B00EFD05B /* Main.storyboard in Resources */,
			);
			runOnlyForDeploymentPostprocessing = 0;
		};
/* End PBXResourcesBuildPhase section */

/* Begin PBXSourcesBuildPhase section */
		5E34314420B2722B00EFD05B /* Sources */ = {
			isa = PBXSourcesBuildPhase;
			buildActionMask = 2147483647;
			files = (
				5E1DB41820B9E3E000AE3D04 /* USB.m in Sources */,
				5E34316320B29A2E00EFD05B /* Serial.mm in Sources */,
				5E34314E20B2722B00EFD05B /* ViewController.swift in Sources */,
				5E8397FA20B39FFF0058360A /* main.swift in Sources */,
				5E34314C20B2722B00EFD05B /* AppDelegate.swift in Sources */,
			);
			runOnlyForDeploymentPostprocessing = 0;
		};
/* End PBXSourcesBuildPhase section */

/* Begin PBXVariantGroup section */
		5E34314F20B2722B00EFD05B /* Main.storyboard */ = {
			isa = PBXVariantGroup;
			children = (
				5E34315020B2722B00EFD05B /* Base */,
			);
			name = Main.storyboard;
			sourceTree = "<group>";
		};
		5E34315420B2722C00EFD05B /* LaunchScreen.storyboard */ = {
			isa = PBXVariantGroup;
			children = (
				5E34315520B2722C00EFD05B /* Base */,
			);
			name = LaunchScreen.storyboard;
			sourceTree = "<group>";
		};
/* End PBXVariantGroup section */

/* Begin XCBuildConfiguration section */
		5E34315820B2722C00EFD05B /* Debug */ = {
			isa = XCBuildConfiguration;
			buildSettings = {
				ALWAYS_SEARCH_USER_PATHS = NO;
				CLANG_ANALYZER_NONNULL = YES;
				CLANG_ANALYZER_NUMBER_OBJECT_CONVERSION = YES_AGGRESSIVE;
				CLANG_CXX_LANGUAGE_STANDARD = "gnu++14";
				CLANG_CXX_LIBRARY = "libc++";
				CLANG_ENABLE_MODULES = YES;
				CLANG_ENABLE_OBJC_ARC = YES;
				CLANG_ENABLE_OBJC_WEAK = YES;
				CLANG_WARN_BLOCK_CAPTURE_AUTORELEASING = YES;
				CLANG_WARN_BOOL_CONVERSION = YES;
				CLANG_WARN_COMMA = YES;
				CLANG_WARN_CONSTANT_CONVERSION = YES;
				CLANG_WARN_DEPRECATED_OBJC_IMPLEMENTATIONS = YES;
				CLANG_WARN_DIRECT_OBJC_ISA_USAGE = YES_ERROR;
				CLANG_WARN_DOCUMENTATION_COMMENTS = YES;
				CLANG_WARN_EMPTY_BODY = YES;
				CLANG_WARN_ENUM_CONVERSION = YES;
				CLANG_WARN_INFINITE_RECURSION = YES;
				CLANG_WARN_INT_CONVERSION = YES;
				CLANG_WARN_NON_LITERAL_NULL_CONVERSION = YES;
				CLANG_WARN_OBJC_IMPLICIT_RETAIN_SELF = YES;
				CLANG_WARN_OBJC_LITERAL_CONVERSION = YES;
				CLANG_WARN_OBJC_ROOT_CLASS = YES_ERROR;
				CLANG_WARN_RANGE_LOOP_ANALYSIS = YES;
				CLANG_WARN_STRICT_PROTOTYPES = YES;
				CLANG_WARN_SUSPICIOUS_MOVE = YES;
				CLANG_WARN_UNGUARDED_AVAILABILITY = YES_AGGRESSIVE;
				CLANG_WARN_UNREACHABLE_CODE = YES;
				CLANG_WARN__DUPLICATE_METHOD_MATCH = YES;
				CODE_SIGN_IDENTITY = "iPhone Developer";
				COPY_PHASE_STRIP = NO;
				DEBUG_INFORMATION_FORMAT = dwarf;
				ENABLE_STRICT_OBJC_MSGSEND = YES;
				ENABLE_TESTABILITY = YES;
				GCC_C_LANGUAGE_STANDARD = gnu11;
				GCC_DYNAMIC_NO_PIC = NO;
				GCC_NO_COMMON_BLOCKS = YES;
				GCC_OPTIMIZATION_LEVEL = 0;
				GCC_PREPROCESSOR_DEFINITIONS = (
					"DEBUG=1",
					"$(inherited)",
				);
				GCC_WARN_64_TO_32_BIT_CONVERSION = YES;
				GCC_WARN_ABOUT_RETURN_TYPE = YES_ERROR;
				GCC_WARN_UNDECLARED_SELECTOR = YES;
				GCC_WARN_UNINITIALIZED_AUTOS = YES_AGGRESSIVE;
				GCC_WARN_UNUSED_FUNCTION = YES;
				GCC_WARN_UNUSED_VARIABLE = YES;
				IPHONEOS_DEPLOYMENT_TARGET = 10.3;
				MTL_ENABLE_DEBUG_INFO = YES;
				ONLY_ACTIVE_ARCH = YES;
				SDKROOT = iphoneos;
				SWIFT_ACTIVE_COMPILATION_CONDITIONS = DEBUG;
				SWIFT_OPTIMIZATION_LEVEL = "-Onone";
			};
			name = Debug;
		};
		5E34315920B2722C00EFD05B /* Release */ = {
			isa = XCBuildConfiguration;
			buildSettings = {
				ALWAYS_SEARCH_USER_PATHS = NO;
				CLANG_ANALYZER_NONNULL = YES;
				CLANG_ANALYZER_NUMBER_OBJECT_CONVERSION = YES_AGGRESSIVE;
				CLANG_CXX_LANGUAGE_STANDARD = "gnu++14";
				CLANG_CXX_LIBRARY = "libc++";
				CLANG_ENABLE_MODULES = YES;
				CLANG_ENABLE_OBJC_ARC = YES;
				CLANG_ENABLE_OBJC_WEAK = YES;
				CLANG_WARN_BLOCK_CAPTURE_AUTORELEASING = YES;
				CLANG_WARN_BOOL_CONVERSION = YES;
				CLANG_WARN_COMMA = YES;
				CLANG_WARN_CONSTANT_CONVERSION = YES;
				CLANG_WARN_DEPRECATED_OBJC_IMPLEMENTATIONS = YES;
				CLANG_WARN_DIRECT_OBJC_ISA_USAGE = YES_ERROR;
				CLANG_WARN_DOCUMENTATION_COMMENTS = YES;
				CLANG_WARN_EMPTY_BODY = YES;
				CLANG_WARN_ENUM_CONVERSION = YES;
				CLANG_WARN_INFINITE_RECURSION = YES;
				CLANG_WARN_INT_CONVERSION = YES;
				CLANG_WARN_NON_LITERAL_NULL_CONVERSION = YES;
				CLANG_WARN_OBJC_IMPLICIT_RETAIN_SELF = YES;
				CLANG_WARN_OBJC_LITERAL_CONVERSION = YES;
				CLANG_WARN_OBJC_ROOT_CLASS = YES_ERROR;
				CLANG_WARN_RANGE_LOOP_ANALYSIS = YES;
				CLANG_WARN_STRICT_PROTOTYPES = YES;
				CLANG_WARN_SUSPICIOUS_MOVE = YES;
				CLANG_WARN_UNGUARDED_AVAILABILITY = YES_AGGRESSIVE;
				CLANG_WARN_UNREACHABLE_CODE = YES;
				CLANG_WARN__DUPLICATE_METHOD_MATCH = YES;
				CODE_SIGN_IDENTITY = "iPhone Developer";
				COPY_PHASE_STRIP = NO;
				DEBUG_INFORMATION_FORMAT = "dwarf-with-dsym";
				ENABLE_NS_ASSERTIONS = NO;
				ENABLE_STRICT_OBJC_MSGSEND = YES;
				GCC_C_LANGUAGE_STANDARD = gnu11;
				GCC_NO_COMMON_BLOCKS = YES;
				GCC_WARN_64_TO_32_BIT_CONVERSION = YES;
				GCC_WARN_ABOUT_RETURN_TYPE = YES_ERROR;
				GCC_WARN_UNDECLARED_SELECTOR = YES;
				GCC_WARN_UNINITIALIZED_AUTOS = YES_AGGRESSIVE;
				GCC_WARN_UNUSED_FUNCTION = YES;
				GCC_WARN_UNUSED_VARIABLE = YES;
				IPHONEOS_DEPLOYMENT_TARGET = 10.3;
				MTL_ENABLE_DEBUG_INFO = NO;
				SDKROOT = iphoneos;
				SWIFT_COMPILATION_MODE = wholemodule;
				SWIFT_OPTIMIZATION_LEVEL = "-O";
				VALIDATE_PRODUCT = YES;
			};
			name = Release;
		};
		5E34315B20B2722C00EFD05B /* Debug */ = {
			isa = XCBuildConfiguration;
			buildSettings = {
				ASSETCATALOG_COMPILER_APPICON_NAME = AppIcon;
				CLANG_ENABLE_MODULES = YES;
				CODE_SIGN_STYLE = Automatic;
				DEVELOPMENT_TEAM = YTT3U95S25;
				INFOPLIST_FILE = iOUSB/Info.plist;
				LD_RUNPATH_SEARCH_PATHS = (
					"$(inherited)",
					"@executable_path/Frameworks",
				);
				PRODUCT_BUNDLE_IDENTIFIER = XIO.iOUSB;
				PRODUCT_NAME = "$(TARGET_NAME)";
				SWIFT_OBJC_BRIDGING_HEADER = "iOUSB/iOUSB-Bridging-Header.h";
				SWIFT_OPTIMIZATION_LEVEL = "-Onone";
				SWIFT_VERSION = 4.0;
				TARGETED_DEVICE_FAMILY = "1,2";
			};
			name = Debug;
		};
		5E34315C20B2722C00EFD05B /* Release */ = {
			isa = XCBuildConfiguration;
			buildSettings = {
				ASSETCATALOG_COMPILER_APPICON_NAME = AppIcon;
				CLANG_ENABLE_MODULES = YES;
				CODE_SIGN_STYLE = Automatic;
				DEVELOPMENT_TEAM = YTT3U95S25;
				INFOPLIST_FILE = iOUSB/Info.plist;
				LD_RUNPATH_SEARCH_PATHS = (
					"$(inherited)",
					"@executable_path/Frameworks",
				);
				PRODUCT_BUNDLE_IDENTIFIER = XIO.iOUSB;
				PRODUCT_NAME = "$(TARGET_NAME)";
				SWIFT_OBJC_BRIDGING_HEADER = "iOUSB/iOUSB-Bridging-Header.h";
				SWIFT_VERSION = 4.0;
				TARGETED_DEVICE_FAMILY = "1,2";
			};
			name = Release;
		};
/* End XCBuildConfiguration section */

/* Begin XCConfigurationList section */
		5E34314320B2722B00EFD05B /* Build configuration list for PBXProject "iOUSB" */ = {
			isa = XCConfigurationList;
			buildConfigurations = (
				5E34315820B2722C00EFD05B /* Debug */,
				5E34315920B2722C00EFD05B /* Release */,
			);
			defaultConfigurationIsVisible = 0;
			defaultConfigurationName = Release;
		};
		5E34315A20B2722C00EFD05B /* Build configuration list for PBXNativeTarget "iOUSB" */ = {
			isa = XCConfigurationList;
			buildConfigurations = (
				5E34315B20B2722C00EFD05B /* Debug */,
				5E34315C20B2722C00EFD05B /* Release */,
			);
			defaultConfigurationIsVisible = 0;
			defaultConfigurationName = Release;
		};
/* End XCConfigurationList section */
	};
	rootObject = 5E34314020B2722B00EFD05B /* Project object */;
}
